lockfileVersion: '9.0'

settings:
  autoInstallPeers: true
  excludeLinksFromLockfile: false

importers:

  .:
    dependencies:
      d3-format:
        specifier: ^3.1.0
        version: 3.1.0

packages:

  d3-format@3.1.0:
    resolution: {integrity: sha512-YyUI6AEuY/Wpt8KWLgZHsIU86atmikuoOmCfommt0LYHiQSPjvX2AcFc38PX0CBpr2RCyZhjex+NS/LPOv6YqA==}
    engines: {node: '>=12'}

snapshots:

  d3-format@3.1.0: {}
